
Microsoft Visual Studio Solution File, Format Version 12.00
# Visual Studio Version 17
VisualStudioVersion = 17.14.36623.8
MinimumVisualStudioVersion = 10.0.40219.1
Project("{FAE04EC0-301F-11D3-BF4B-00C04F79EFBC}") = "schedule-api", "schedule-api\schedule-api.csproj", "{CE0AF7CD-89C5-4F18-8217-535A91B84BC3}"
EndProject
Project("{FAE04EC0-301F-11D3-BF4B-00C04F79EFBC}") = "schedule-api-unit-tests", "schedule-api-unit-tests\schedule-api-unit-tests.csproj", "{682EAA1F-B489-4ACE-A4E9-616BEB674EE7}"
EndProject
Global
	GlobalSection(SolutionConfigurationPlatforms) = preSolution
		Debug|Any CPU = Debug|Any CPU
		Release|Any CPU = Release|Any CPU
	EndGlobalSection
	GlobalSection(ProjectConfigurationPlatforms) = postSolution
		{CE0AF7CD-89C5-4F18-8217-535A91B84BC3}.Debug|Any CPU.ActiveCfg = Debug|Any CPU
		{CE0AF7CD-89C5-4F18-8217-535A91B84BC3}.Debug|Any CPU.Build.0 = Debug|Any CPU
		{CE0AF7CD-89C5-4F18-8217-535A91B84BC3}.Release|Any CPU.ActiveCfg = Release|Any CPU
		{CE0AF7CD-89C5-4F18-8217-535A91B84BC3}.Release|Any CPU.Build.0 = Release|Any CPU
		{682EAA1F-B489-4ACE-A4E9-616BEB674EE7}.Debug|Any CPU.ActiveCfg = Debug|Any CPU
		{682EAA1F-B489-4ACE-A4E9-616BEB674EE7}.Debug|Any CPU.Build.0 = Debug|Any CPU
		{682EAA1F-B489-4ACE-A4E9-616BEB674EE7}.Release|Any CPU.ActiveCfg = Release|Any CPU
		{682EAA1F-B489-4ACE-A4E9-616BEB674EE7}.Release|Any CPU.Build.0 = Release|Any CPU
	EndGlobalSection
	GlobalSection(SolutionProperties) = preSolution
		HideSolutionNode = FALSE
	EndGlobalSection
	GlobalSection(ExtensibilityGlobals) = postSolution
		SolutionGuid = {DB3992B3-8202-4E1B-98FA-C5C716F4F4D9}
	EndGlobalSection
EndGlobal
